
Microsoft Visual Studio Solution File, Format Version 12.00
# Visual Studio Version 17
VisualStudioVersion = 17.8.34330.188
MinimumVisualStudioVersion = 10.0.40219.1
Project("{FAE04EC0-301F-11D3-BF4B-00C04F79EFBC}") = "hospital-project-interface-v2", "hospital-project-interface-v2.csproj", "{92C33E2B-802F-4D4F-A6C1-FE020A7EFFC6}"
EndProject
Global
	GlobalSection(SolutionConfigurationPlatforms) = preSolution
		Debug|Any CPU = Debug|Any CPU
		Release|Any CPU = Release|Any CPU
	EndGlobalSection
	GlobalSection(ProjectConfigurationPlatforms) = postSolution
		{92C33E2B-802F-4D4F-A6C1-FE020A7EFFC6}.Debug|Any CPU.ActiveCfg = Debug|Any CPU
		{92C33E2B-802F-4D4F-A6C1-FE020A7EFFC6}.Debug|Any CPU.Build.0 = Debug|Any CPU
		{92C33E2B-802F-4D4F-A6C1-FE020A7EFFC6}.Release|Any CPU.ActiveCfg = Release|Any CPU
		{92C33E2B-802F-4D4F-A6C1-FE020A7EFFC6}.Release|Any CPU.Build.0 = Release|Any CPU
	EndGlobalSection
	GlobalSection(SolutionProperties) = preSolution
		HideSolutionNode = FALSE
	EndGlobalSection
	GlobalSection(ExtensibilityGlobals) = postSolution
		SolutionGuid = {2619A4D7-E94B-4B8D-A804-7227EA674548}
	EndGlobalSection
EndGlobal
